// !$*UTF8*$!
{
	archiveVersion = 1;
	classes = {
	};
	objectVersion = 46;
	objects = {

/* Begin PBXBuildFile section */
		64EFFF3B1811802D0012DE00 /* Andrew.png in Resources */ = {isa = PBXBuildFile; fileRef = 64EFFF361811802D0012DE00 /* Andrew.png */; };
		64EFFF3C1811802D0012DE00 /* Jordan.png in Resources */ = {isa = PBXBuildFile; fileRef = 64EFFF371811802D0012DE00 /* Jordan.png */; };
		64EFFF3D1811802D0012DE00 /* matt.png in Resources */ = {isa = PBXBuildFile; fileRef = 64EFFF381811802D0012DE00 /* matt.png */; };
		64EFFF3E1811802D0012DE00 /* Sameer.png in Resources */ = {isa = PBXBuildFile; fileRef = 64EFFF391811802D0012DE00 /* Sameer.png */; };
		64EFFF3F1811802D0012DE00 /* Tim.png in Resources */ = {isa = PBXBuildFile; fileRef = 64EFFF3A1811802D0012DE00 /* Tim.png */; };
		64EFFF41181184C30012DE00 /* what.png in Resources */ = {isa = PBXBuildFile; fileRef = 64EFFF40181184C30012DE00 /* what.png */; };
		64EFFF44181187CE0012DE00 /* DetailViewController.m in Sources */ = {isa = PBXBuildFile; fileRef = 64EFFF43181187CE0012DE00 /* DetailViewController.m */; };
		B02ABE4B17D6586C005A5F5C /* wellmark_hq_data.json in Resources */ = {isa = PBXBuildFile; fileRef = B02ABE4A17D6586C005A5F5C /* wellmark_hq_data.json */; };
		B02ABE4D17D65F22005A5F5C /* dummyUserInfo.plist in Resources */ = {isa = PBXBuildFile; fileRef = B02ABE4C17D65F21005A5F5C /* dummyUserInfo.plist */; };
		B02ABE5017D66647005A5F5C /* LLViewController.m in Sources */ = {isa = PBXBuildFile; fileRef = B02ABE4F17D66646005A5F5C /* LLViewController.m */; };
		B02F17A717CD6B5C007EA8A7 /* LLDoctorViewController.m in Sources */ = {isa = PBXBuildFile; fileRef = B02F17A617CD6B5C007EA8A7 /* LLDoctorViewController.m */; };
		B02F17AA17CD6CE7007EA8A7 /* LLTreatmentViewController.m in Sources */ = {isa = PBXBuildFile; fileRef = B02F17A917CD6CE7007EA8A7 /* LLTreatmentViewController.m */; };
		B02F17B017CD757C007EA8A7 /* LLLocationsViewController.m in Sources */ = {isa = PBXBuildFile; fileRef = B02F17AF17CD757C007EA8A7 /* LLLocationsViewController.m */; };
		B02F17B317CD7607007EA8A7 /* LLLocationView.m in Sources */ = {isa = PBXBuildFile; fileRef = B02F17B217CD7607007EA8A7 /* LLLocationView.m */; };
		B02F17B617CD7BC6007EA8A7 /* LLSchedulingViewController.m in Sources */ = {isa = PBXBuildFile; fileRef = B02F17B517CD7BC6007EA8A7 /* LLSchedulingViewController.m */; };
		B02F17B917CD7CD5007EA8A7 /* LLConfirmViewController.m in Sources */ = {isa = PBXBuildFile; fileRef = B02F17B817CD7CD5007EA8A7 /* LLConfirmViewController.m */; };
		B02F17BC17CD7CDC007EA8A7 /* LLConfirmedViewController.m in Sources */ = {isa = PBXBuildFile; fileRef = B02F17BB17CD7CDC007EA8A7 /* LLConfirmedViewController.m */; };
		B02F17BE17CD8094007EA8A7 /* MessageUI.framework in Frameworks */ = {isa = PBXBuildFile; fileRef = B02F17BD17CD8094007EA8A7 /* MessageUI.framework */; };
		B02F17C117CD90E5007EA8A7 /* LLBookingViewController.m in Sources */ = {isa = PBXBuildFile; fileRef = B02F17C017CD90E5007EA8A7 /* LLBookingViewController.m */; };
		B02F180917CD9A79007EA8A7 /* MBBaseRequest.m in Sources */ = {isa = PBXBuildFile; fileRef = B02F17C517CD9A79007EA8A7 /* MBBaseRequest.m */; settings = {COMPILER_FLAGS = "-fobjc-arc"; }; };
		B02F180A17CD9A79007EA8A7 /* MBHTTPConnectionOperation.m in Sources */ = {isa = PBXBuildFile; fileRef = B02F17C817CD9A79007EA8A7 /* MBHTTPConnectionOperation.m */; settings = {COMPILER_FLAGS = "-fobjc-arc"; }; };
		B02F180B17CD9A79007EA8A7 /* MBHTTPRequest.m in Sources */ = {isa = PBXBuildFile; fileRef = B02F17CA17CD9A79007EA8A7 /* MBHTTPRequest.m */; settings = {COMPILER_FLAGS = "-fobjc-arc"; }; };
		B02F180C17CD9A79007EA8A7 /* MBImageRequest.m in Sources */ = {isa = PBXBuildFile; fileRef = B02F17CC17CD9A79007EA8A7 /* MBImageRequest.m */; settings = {COMPILER_FLAGS = "-fobjc-arc"; }; };
		B02F180D17CD9A79007EA8A7 /* MBJSONRequest.m in Sources */ = {isa = PBXBuildFile; fileRef = B02F17CE17CD9A79007EA8A7 /* MBJSONRequest.m */; settings = {COMPILER_FLAGS = "-fobjc-arc"; }; };
		B02F180E17CD9A79007EA8A7 /* MBMultipartFormData.m in Sources */ = {isa = PBXBuildFile; fileRef = B02F17D017CD9A79007EA8A7 /* MBMultipartFormData.m */; settings = {COMPILER_FLAGS = "-fobjc-arc"; }; };
		B02F180F17CD9A79007EA8A7 /* MBNetworkActivityIndicatorManager.m in Sources */ = {isa = PBXBuildFile; fileRef = B02F17D217CD9A79007EA8A7 /* MBNetworkActivityIndicatorManager.m */; settings = {COMPILER_FLAGS = "-fobjc-arc"; }; };
		B02F181017CD9A79007EA8A7 /* MBRequestError.m in Sources */ = {isa = PBXBuildFile; fileRef = B02F17D517CD9A79007EA8A7 /* MBRequestError.m */; settings = {COMPILER_FLAGS = "-fobjc-arc"; }; };
		B02F181117CD9A79007EA8A7 /* MBURLConnectionOperation.m in Sources */ = {isa = PBXBuildFile; fileRef = B02F17D917CD9A79007EA8A7 /* MBURLConnectionOperation.m */; settings = {COMPILER_FLAGS = "-fobjc-arc"; }; };
		B02F181217CD9A79007EA8A7 /* MBXMLRequest.m in Sources */ = {isa = PBXBuildFile; fileRef = B02F17DC17CD9A79007EA8A7 /* MBXMLRequest.m */; settings = {COMPILER_FLAGS = "-fobjc-arc"; }; };
		B02F181317CD9A79007EA8A7 /* NSDictionary+MBRequest.m in Sources */ = {isa = PBXBuildFile; fileRef = B02F17DE17CD9A79007EA8A7 /* NSDictionary+MBRequest.m */; settings = {COMPILER_FLAGS = "-fobjc-arc"; }; };
		B02F181417CD9A79007EA8A7 /* NSString+MBRequest.m in Sources */ = {isa = PBXBuildFile; fileRef = B02F17E017CD9A79007EA8A7 /* NSString+MBRequest.m */; settings = {COMPILER_FLAGS = "-fobjc-arc"; }; };
		B02F181517CD9A79007EA8A7 /* NSURL+MBRequest.m in Sources */ = {isa = PBXBuildFile; fileRef = B02F17E217CD9A79007EA8A7 /* NSURL+MBRequest.m */; settings = {COMPILER_FLAGS = "-fobjc-arc"; }; };
		B02F182617CD9A79007EA8A7 /* LICENSE in Resources */ = {isa = PBXBuildFile; fileRef = B02F180717CD9A79007EA8A7 /* LICENSE */; };
		B02F182717CD9A79007EA8A7 /* README.md in Resources */ = {isa = PBXBuildFile; fileRef = B02F180817CD9A79007EA8A7 /* README.md */; };
		B02F182F17CDAA4A007EA8A7 /* CoreLocation.framework in Frameworks */ = {isa = PBXBuildFile; fileRef = B02F182E17CDAA4A007EA8A7 /* CoreLocation.framework */; };
		B06571F717D17FAD005CB364 /* background.png in Resources */ = {isa = PBXBuildFile; fileRef = B06571F617D17FAD005CB364 /* background.png */; };
		B06571F917D1817F005CB364 /* QuartzCore.framework in Frameworks */ = {isa = PBXBuildFile; fileRef = B06571F817D1817F005CB364 /* QuartzCore.framework */; };
		B06571FC17D18AD5005CB364 /* LLTreatmentManager.m in Sources */ = {isa = PBXBuildFile; fileRef = B06571FB17D18AD5005CB364 /* LLTreatmentManager.m */; };
		B06571FE17D2D616005CB364 /* Parse.framework in Frameworks */ = {isa = PBXBuildFile; fileRef = B06571FD17D2D616005CB364 /* Parse.framework */; };
		B065720017D2D644005CB364 /* AudioToolbox.framework in Frameworks */ = {isa = PBXBuildFile; fileRef = B06571FF17D2D644005CB364 /* AudioToolbox.framework */; };
		B065720217D2D649005CB364 /* CFNetwork.framework in Frameworks */ = {isa = PBXBuildFile; fileRef = B065720117D2D649005CB364 /* CFNetwork.framework */; };
		B065720417D2D65E005CB364 /* libz.1.2.5.dylib in Frameworks */ = {isa = PBXBuildFile; fileRef = B065720317D2D65E005CB364 /* libz.1.2.5.dylib */; };
		B065720617D2D664005CB364 /* MobileCoreServices.framework in Frameworks */ = {isa = PBXBuildFile; fileRef = B065720517D2D664005CB364 /* MobileCoreServices.framework */; };
		B065720817D2D66F005CB364 /* Security.framework in Frameworks */ = {isa = PBXBuildFile; fileRef = B065720717D2D66F005CB364 /* Security.framework */; };
		B065720A17D2D674005CB364 /* StoreKit.framework in Frameworks */ = {isa = PBXBuildFile; fileRef = B065720917D2D674005CB364 /* StoreKit.framework */; };
		B065720C17D2D679005CB364 /* SystemConfiguration.framework in Frameworks */ = {isa = PBXBuildFile; fileRef = B065720B17D2D679005CB364 /* SystemConfiguration.framework */; };
		B065721217D3DA90005CB364 /* LLSelectDoctorViewController.m in Sources */ = {isa = PBXBuildFile; fileRef = B065721117D3DA8F005CB364 /* LLSelectDoctorViewController.m */; };
		B065721517D3DAA1005CB364 /* LLSelectInsuranceViewController.m in Sources */ = {isa = PBXBuildFile; fileRef = B065721417D3DAA1005CB364 /* LLSelectInsuranceViewController.m */; };
		B065721717D3F0D8005CB364 /* Settings.bundle in Resources */ = {isa = PBXBuildFile; fileRef = B065721617D3F0D8005CB364 /* Settings.bundle */; };
		B065721E17D41285005CB364 /* wellmark_logo.png in Resources */ = {isa = PBXBuildFile; fileRef = B065721C17D41285005CB364 /* wellmark_logo.png */; };
		B065721F17D41285005CB364 /* wellmark_logo@2x.png in Resources */ = {isa = PBXBuildFile; fileRef = B065721D17D41285005CB364 /* wellmark_logo@2x.png */; };
		B065722417D4398A005CB364 /* dummy_data.json in Resources */ = {isa = PBXBuildFile; fileRef = B065722317D4398A005CB364 /* dummy_data.json */; };
		B0F0E52C17CEEC4C003EF566 /* LLBookUpfrontViewController.m in Sources */ = {isa = PBXBuildFile; fileRef = B0F0E52B17CEEC4C003EF566 /* LLBookUpfrontViewController.m */; };
		B0F0E52F17CEEC6D003EF566 /* LLBookLaterViewController.m in Sources */ = {isa = PBXBuildFile; fileRef = B0F0E52E17CEEC6D003EF566 /* LLBookLaterViewController.m */; };
		B0F88C9617CD3BEA005E4B0A /* UIKit.framework in Frameworks */ = {isa = PBXBuildFile; fileRef = B0F88C9517CD3BEA005E4B0A /* UIKit.framework */; };
		B0F88C9817CD3BEA005E4B0A /* Foundation.framework in Frameworks */ = {isa = PBXBuildFile; fileRef = B0F88C9717CD3BEA005E4B0A /* Foundation.framework */; };
		B0F88C9A17CD3BEA005E4B0A /* CoreGraphics.framework in Frameworks */ = {isa = PBXBuildFile; fileRef = B0F88C9917CD3BEA005E4B0A /* CoreGraphics.framework */; };
		B0F88CA017CD3BEA005E4B0A /* InfoPlist.strings in Resources */ = {isa = PBXBuildFile; fileRef = B0F88C9E17CD3BEA005E4B0A /* InfoPlist.strings */; };
		B0F88CA217CD3BEA005E4B0A /* main.m in Sources */ = {isa = PBXBuildFile; fileRef = B0F88CA117CD3BEA005E4B0A /* main.m */; };
		B0F88CA617CD3BEA005E4B0A /* LLAppDelegate.m in Sources */ = {isa = PBXBuildFile; fileRef = B0F88CA517CD3BEA005E4B0A /* LLAppDelegate.m */; };
		B0F88CA817CD3BEA005E4B0A /* Default.png in Resources */ = {isa = PBXBuildFile; fileRef = B0F88CA717CD3BEA005E4B0A /* Default.png */; };
		B0F88CAA17CD3BEA005E4B0A /* Default@2x.png in Resources */ = {isa = PBXBuildFile; fileRef = B0F88CA917CD3BEA005E4B0A /* Default@2x.png */; };
		B0F88CAC17CD3BEA005E4B0A /* Default-568h@2x.png in Resources */ = {isa = PBXBuildFile; fileRef = B0F88CAB17CD3BEA005E4B0A /* Default-568h@2x.png */; };
		B0F88CAF17CD3BEA005E4B0A /* MainStoryboard.storyboard in Resources */ = {isa = PBXBuildFile; fileRef = B0F88CAD17CD3BEA005E4B0A /* MainStoryboard.storyboard */; };
		BC25779417DC27980087C6DB /* wellmark_bg.png in Resources */ = {isa = PBXBuildFile; fileRef = BC25779217DC27980087C6DB /* wellmark_bg.png */; };
		BC25779517DC27980087C6DB /* wellmark_bg@2x.png in Resources */ = {isa = PBXBuildFile; fileRef = BC25779317DC27980087C6DB /* wellmark_bg@2x.png */; };
		BC66AD2017DD47D100C5C1EE /* doctors.png in Resources */ = {isa = PBXBuildFile; fileRef = BC66AD1F17DD47D100C5C1EE /* doctors.png */; };
		BC66AD2217DD480000C5C1EE /* doctor.png in Resources */ = {isa = PBXBuildFile; fileRef = BC66AD2117DD480000C5C1EE /* doctor.png */; };
		BC66AD2517DD60DA00C5C1EE /* LLDeductableInfoViewController.m in Sources */ = {isa = PBXBuildFile; fileRef = BC66AD2417DD60DA00C5C1EE /* LLDeductableInfoViewController.m */; };
		BC66AD2817DD6F8F00C5C1EE /* settings.png in Resources */ = {isa = PBXBuildFile; fileRef = BC66AD2617DD6F8F00C5C1EE /* settings.png */; };
		BC66AD2917DD6F8F00C5C1EE /* settings@2x.png in Resources */ = {isa = PBXBuildFile; fileRef = BC66AD2717DD6F8F00C5C1EE /* settings@2x.png */; };
		BC7A565F17DF9C4900863499 /* LLSettingsViewController.m in Sources */ = {isa = PBXBuildFile; fileRef = BC7A565E17DF9C4900863499 /* LLSettingsViewController.m */; };
/* End PBXBuildFile section */

/* Begin PBXFileReference section */
		64EFFF361811802D0012DE00 /* Andrew.png */ = {isa = PBXFileReference; lastKnownFileType = image.png; path = Andrew.png; sourceTree = "<group>"; };
		64EFFF371811802D0012DE00 /* Jordan.png */ = {isa = PBXFileReference; lastKnownFileType = image.png; path = Jordan.png; sourceTree = "<group>"; };
		64EFFF381811802D0012DE00 /* matt.png */ = {isa = PBXFileReference; lastKnownFileType = image.png; path = matt.png; sourceTree = "<group>"; };
		64EFFF391811802D0012DE00 /* Sameer.png */ = {isa = PBXFileReference; lastKnownFileType = image.png; path = Sameer.png; sourceTree = "<group>"; };
		64EFFF3A1811802D0012DE00 /* Tim.png */ = {isa = PBXFileReference; lastKnownFileType = image.png; path = Tim.png; sourceTree = "<group>"; };
		64EFFF40181184C30012DE00 /* what.png */ = {isa = PBXFileReference; lastKnownFileType = image.png; path = what.png; sourceTree = "<group>"; };
		64EFFF42181187CE0012DE00 /* DetailViewController.h */ = {isa = PBXFileReference; fileEncoding = 4; lastKnownFileType = sourcecode.c.h; path = DetailViewController.h; sourceTree = "<group>"; };
		64EFFF43181187CE0012DE00 /* DetailViewController.m */ = {isa = PBXFileReference; fileEncoding = 4; lastKnownFileType = sourcecode.c.objc; path = DetailViewController.m; sourceTree = "<group>"; };
		B02ABE4A17D6586C005A5F5C /* wellmark_hq_data.json */ = {isa = PBXFileReference; fileEncoding = 4; lastKnownFileType = text.json; path = wellmark_hq_data.json; sourceTree = "<group>"; };
		B02ABE4C17D65F21005A5F5C /* dummyUserInfo.plist */ = {isa = PBXFileReference; fileEncoding = 4; lastKnownFileType = text.plist.xml; path = dummyUserInfo.plist; sourceTree = "<group>"; };
		B02ABE4E17D66646005A5F5C /* LLViewController.h */ = {isa = PBXFileReference; fileEncoding = 4; lastKnownFileType = sourcecode.c.h; path = LLViewController.h; sourceTree = "<group>"; };
		B02ABE4F17D66646005A5F5C /* LLViewController.m */ = {isa = PBXFileReference; fileEncoding = 4; lastKnownFileType = sourcecode.c.objc; path = LLViewController.m; sourceTree = "<group>"; };
		B02F17A517CD6B5C007EA8A7 /* LLDoctorViewController.h */ = {isa = PBXFileReference; fileEncoding = 4; lastKnownFileType = sourcecode.c.h; path = LLDoctorViewController.h; sourceTree = "<group>"; };
		B02F17A617CD6B5C007EA8A7 /* LLDoctorViewController.m */ = {isa = PBXFileReference; fileEncoding = 4; lastKnownFileType = sourcecode.c.objc; path = LLDoctorViewController.m; sourceTree = "<group>"; };
		B02F17A817CD6CE7007EA8A7 /* LLTreatmentViewController.h */ = {isa = PBXFileReference; fileEncoding = 4; lastKnownFileType = sourcecode.c.h; path = LLTreatmentViewController.h; sourceTree = "<group>"; };
		B02F17A917CD6CE7007EA8A7 /* LLTreatmentViewController.m */ = {isa = PBXFileReference; fileEncoding = 4; lastKnownFileType = sourcecode.c.objc; path = LLTreatmentViewController.m; sourceTree = "<group>"; };
		B02F17AE17CD757C007EA8A7 /* LLLocationsViewController.h */ = {isa = PBXFileReference; fileEncoding = 4; lastKnownFileType = sourcecode.c.h; path = LLLocationsViewController.h; sourceTree = "<group>"; };
		B02F17AF17CD757C007EA8A7 /* LLLocationsViewController.m */ = {isa = PBXFileReference; fileEncoding = 4; lastKnownFileType = sourcecode.c.objc; path = LLLocationsViewController.m; sourceTree = "<group>"; };
		B02F17B117CD7607007EA8A7 /* LLLocationView.h */ = {isa = PBXFileReference; fileEncoding = 4; lastKnownFileType = sourcecode.c.h; path = LLLocationView.h; sourceTree = "<group>"; };
		B02F17B217CD7607007EA8A7 /* LLLocationView.m */ = {isa = PBXFileReference; fileEncoding = 4; lastKnownFileType = sourcecode.c.objc; path = LLLocationView.m; sourceTree = "<group>"; };
		B02F17B417CD7BC6007EA8A7 /* LLSchedulingViewController.h */ = {isa = PBXFileReference; fileEncoding = 4; lastKnownFileType = sourcecode.c.h; path = LLSchedulingViewController.h; sourceTree = "<group>"; };
		B02F17B517CD7BC6007EA8A7 /* LLSchedulingViewController.m */ = {isa = PBXFileReference; fileEncoding = 4; lastKnownFileType = sourcecode.c.objc; path = LLSchedulingViewController.m; sourceTree = "<group>"; };
		B02F17B717CD7CD4007EA8A7 /* LLConfirmViewController.h */ = {isa = PBXFileReference; fileEncoding = 4; lastKnownFileType = sourcecode.c.h; path = LLConfirmViewController.h; sourceTree = "<group>"; };
		B02F17B817CD7CD5007EA8A7 /* LLConfirmViewController.m */ = {isa = PBXFileReference; fileEncoding = 4; lastKnownFileType = sourcecode.c.objc; path = LLConfirmViewController.m; sourceTree = "<group>"; };
		B02F17BA17CD7CDC007EA8A7 /* LLConfirmedViewController.h */ = {isa = PBXFileReference; fileEncoding = 4; lastKnownFileType = sourcecode.c.h; path = LLConfirmedViewController.h; sourceTree = "<group>"; };
		B02F17BB17CD7CDC007EA8A7 /* LLConfirmedViewController.m */ = {isa = PBXFileReference; fileEncoding = 4; lastKnownFileType = sourcecode.c.objc; path = LLConfirmedViewController.m; sourceTree = "<group>"; };
		B02F17BD17CD8094007EA8A7 /* MessageUI.framework */ = {isa = PBXFileReference; lastKnownFileType = wrapper.framework; name = MessageUI.framework; path = System/Library/Frameworks/MessageUI.framework; sourceTree = SDKROOT; };
		B02F17BF17CD90E5007EA8A7 /* LLBookingViewController.h */ = {isa = PBXFileReference; fileEncoding = 4; lastKnownFileType = sourcecode.c.h; path = LLBookingViewController.h; sourceTree = "<group>"; };
		B02F17C017CD90E5007EA8A7 /* LLBookingViewController.m */ = {isa = PBXFileReference; fileEncoding = 4; lastKnownFileType = sourcecode.c.objc; path = LLBookingViewController.m; sourceTree = "<group>"; };
		B02F17C417CD9A79007EA8A7 /* MBBaseRequest.h */ = {isa = PBXFileReference; fileEncoding = 4; lastKnownFileType = sourcecode.c.h; path = MBBaseRequest.h; sourceTree = "<group>"; };
		B02F17C517CD9A79007EA8A7 /* MBBaseRequest.m */ = {isa = PBXFileReference; fileEncoding = 4; lastKnownFileType = sourcecode.c.objc; path = MBBaseRequest.m; sourceTree = "<group>"; };
		B02F17C617CD9A79007EA8A7 /* MBBaseRequestSubclass.h */ = {isa = PBXFileReference; fileEncoding = 4; lastKnownFileType = sourcecode.c.h; path = MBBaseRequestSubclass.h; sourceTree = "<group>"; };
		B02F17C717CD9A79007EA8A7 /* MBHTTPConnectionOperation.h */ = {isa = PBXFileReference; fileEncoding = 4; lastKnownFileType = sourcecode.c.h; path = MBHTTPConnectionOperation.h; sourceTree = "<group>"; };
		B02F17C817CD9A79007EA8A7 /* MBHTTPConnectionOperation.m */ = {isa = PBXFileReference; fileEncoding = 4; lastKnownFileType = sourcecode.c.objc; path = MBHTTPConnectionOperation.m; sourceTree = "<group>"; };
		B02F17C917CD9A79007EA8A7 /* MBHTTPRequest.h */ = {isa = PBXFileReference; fileEncoding = 4; lastKnownFileType = sourcecode.c.h; path = MBHTTPRequest.h; sourceTree = "<group>"; };
		B02F17CA17CD9A79007EA8A7 /* MBHTTPRequest.m */ = {isa = PBXFileReference; fileEncoding = 4; lastKnownFileType = sourcecode.c.objc; path = MBHTTPRequest.m; sourceTree = "<group>"; };
		B02F17CB17CD9A79007EA8A7 /* MBImageRequest.h */ = {isa = PBXFileReference; fileEncoding = 4; lastKnownFileType = sourcecode.c.h; path = MBImageRequest.h; sourceTree = "<group>"; };
		B02F17CC17CD9A79007EA8A7 /* MBImageRequest.m */ = {isa = PBXFileReference; fileEncoding = 4; lastKnownFileType = sourcecode.c.objc; path = MBImageRequest.m; sourceTree = "<group>"; };
		B02F17CD17CD9A79007EA8A7 /* MBJSONRequest.h */ = {isa = PBXFileReference; fileEncoding = 4; lastKnownFileType = sourcecode.c.h; path = MBJSONRequest.h; sourceTree = "<group>"; };
		B02F17CE17CD9A79007EA8A7 /* MBJSONRequest.m */ = {isa = PBXFileReference; fileEncoding = 4; lastKnownFileType = sourcecode.c.objc; path = MBJSONRequest.m; sourceTree = "<group>"; };
		B02F17CF17CD9A79007EA8A7 /* MBMultipartFormData.h */ = {isa = PBXFileReference; fileEncoding = 4; lastKnownFileType = sourcecode.c.h; path = MBMultipartFormData.h; sourceTree = "<group>"; };
		B02F17D017CD9A79007EA8A7 /* MBMultipartFormData.m */ = {isa = PBXFileReference; fileEncoding = 4; lastKnownFileType = sourcecode.c.objc; path = MBMultipartFormData.m; sourceTree = "<group>"; };
		B02F17D117CD9A79007EA8A7 /* MBNetworkActivityIndicatorManager.h */ = {isa = PBXFileReference; fileEncoding = 4; lastKnownFileType = sourcecode.c.h; path = MBNetworkActivityIndicatorManager.h; sourceTree = "<group>"; };
		B02F17D217CD9A79007EA8A7 /* MBNetworkActivityIndicatorManager.m */ = {isa = PBXFileReference; fileEncoding = 4; lastKnownFileType = sourcecode.c.objc; path = MBNetworkActivityIndicatorManager.m; sourceTree = "<group>"; };
		B02F17D317CD9A79007EA8A7 /* MBRequest.h */ = {isa = PBXFileReference; fileEncoding = 4; lastKnownFileType = sourcecode.c.h; path = MBRequest.h; sourceTree = "<group>"; };
		B02F17D417CD9A79007EA8A7 /* MBRequestError.h */ = {isa = PBXFileReference; fileEncoding = 4; lastKnownFileType = sourcecode.c.h; path = MBRequestError.h; sourceTree = "<group>"; };
		B02F17D517CD9A79007EA8A7 /* MBRequestError.m */ = {isa = PBXFileReference; fileEncoding = 4; lastKnownFileType = sourcecode.c.objc; path = MBRequestError.m; sourceTree = "<group>"; };
		B02F17D617CD9A79007EA8A7 /* MBRequestLocalization.h */ = {isa = PBXFileReference; fileEncoding = 4; lastKnownFileType = sourcecode.c.h; path = MBRequestLocalization.h; sourceTree = "<group>"; };
		B02F17D717CD9A79007EA8A7 /* MBRequestLog.h */ = {isa = PBXFileReference; fileEncoding = 4; lastKnownFileType = sourcecode.c.h; path = MBRequestLog.h; sourceTree = "<group>"; };
		B02F17D817CD9A79007EA8A7 /* MBURLConnectionOperation.h */ = {isa = PBXFileReference; fileEncoding = 4; lastKnownFileType = sourcecode.c.h; path = MBURLConnectionOperation.h; sourceTree = "<group>"; };
		B02F17D917CD9A79007EA8A7 /* MBURLConnectionOperation.m */ = {isa = PBXFileReference; fileEncoding = 4; lastKnownFileType = sourcecode.c.objc; path = MBURLConnectionOperation.m; sourceTree = "<group>"; };
		B02F17DA17CD9A79007EA8A7 /* MBURLConnectionOperationSubclass.h */ = {isa = PBXFileReference; fileEncoding = 4; lastKnownFileType = sourcecode.c.h; path = MBURLConnectionOperationSubclass.h; sourceTree = "<group>"; };
		B02F17DB17CD9A79007EA8A7 /* MBXMLRequest.h */ = {isa = PBXFileReference; fileEncoding = 4; lastKnownFileType = sourcecode.c.h; path = MBXMLRequest.h; sourceTree = "<group>"; };
		B02F17DC17CD9A79007EA8A7 /* MBXMLRequest.m */ = {isa = PBXFileReference; fileEncoding = 4; lastKnownFileType = sourcecode.c.objc; path = MBXMLRequest.m; sourceTree = "<group>"; };
		B02F17DD17CD9A79007EA8A7 /* NSDictionary+MBRequest.h */ = {isa = PBXFileReference; fileEncoding = 4; lastKnownFileType = sourcecode.c.h; path = "NSDictionary+MBRequest.h"; sourceTree = "<group>"; };
		B02F17DE17CD9A79007EA8A7 /* NSDictionary+MBRequest.m */ = {isa = PBXFileReference; fileEncoding = 4; lastKnownFileType = sourcecode.c.objc; path = "NSDictionary+MBRequest.m"; sourceTree = "<group>"; };
		B02F17DF17CD9A79007EA8A7 /* NSString+MBRequest.h */ = {isa = PBXFileReference; fileEncoding = 4; lastKnownFileType = sourcecode.c.h; path = "NSString+MBRequest.h"; sourceTree = "<group>"; };
		B02F17E017CD9A79007EA8A7 /* NSString+MBRequest.m */ = {isa = PBXFileReference; fileEncoding = 4; lastKnownFileType = sourcecode.c.objc; path = "NSString+MBRequest.m"; sourceTree = "<group>"; };
		B02F17E117CD9A79007EA8A7 /* NSURL+MBRequest.h */ = {isa = PBXFileReference; fileEncoding = 4; lastKnownFileType = sourcecode.c.h; path = "NSURL+MBRequest.h"; sourceTree = "<group>"; };
		B02F17E217CD9A79007EA8A7 /* NSURL+MBRequest.m */ = {isa = PBXFileReference; fileEncoding = 4; lastKnownFileType = sourcecode.c.objc; path = "NSURL+MBRequest.m"; sourceTree = "<group>"; };
		B02F180717CD9A79007EA8A7 /* LICENSE */ = {isa = PBXFileReference; fileEncoding = 4; lastKnownFileType = text; path = LICENSE; sourceTree = "<group>"; };
		B02F180817CD9A79007EA8A7 /* README.md */ = {isa = PBXFileReference; fileEncoding = 4; lastKnownFileType = text; path = README.md; sourceTree = "<group>"; };
		B02F182E17CDAA4A007EA8A7 /* CoreLocation.framework */ = {isa = PBXFileReference; lastKnownFileType = wrapper.framework; name = CoreLocation.framework; path = System/Library/Frameworks/CoreLocation.framework; sourceTree = SDKROOT; };
		B06571F617D17FAD005CB364 /* background.png */ = {isa = PBXFileReference; lastKnownFileType = image.png; path = background.png; sourceTree = "<group>"; };
		B06571F817D1817F005CB364 /* QuartzCore.framework */ = {isa = PBXFileReference; lastKnownFileType = wrapper.framework; name = QuartzCore.framework; path = System/Library/Frameworks/QuartzCore.framework; sourceTree = SDKROOT; };
		B06571FA17D18AD5005CB364 /* LLTreatmentManager.h */ = {isa = PBXFileReference; fileEncoding = 4; lastKnownFileType = sourcecode.c.h; path = LLTreatmentManager.h; sourceTree = "<group>"; };
		B06571FB17D18AD5005CB364 /* LLTreatmentManager.m */ = {isa = PBXFileReference; fileEncoding = 4; lastKnownFileType = sourcecode.c.objc; path = LLTreatmentManager.m; sourceTree = "<group>"; };
		B06571FD17D2D616005CB364 /* Parse.framework */ = {isa = PBXFileReference; lastKnownFileType = wrapper.framework; path = Parse.framework; sourceTree = "<group>"; };
		B06571FF17D2D644005CB364 /* AudioToolbox.framework */ = {isa = PBXFileReference; lastKnownFileType = wrapper.framework; name = AudioToolbox.framework; path = System/Library/Frameworks/AudioToolbox.framework; sourceTree = SDKROOT; };
		B065720117D2D649005CB364 /* CFNetwork.framework */ = {isa = PBXFileReference; lastKnownFileType = wrapper.framework; name = CFNetwork.framework; path = System/Library/Frameworks/CFNetwork.framework; sourceTree = SDKROOT; };
		B065720317D2D65E005CB364 /* libz.1.2.5.dylib */ = {isa = PBXFileReference; lastKnownFileType = "compiled.mach-o.dylib"; name = libz.1.2.5.dylib; path = usr/lib/libz.1.2.5.dylib; sourceTree = SDKROOT; };
		B065720517D2D664005CB364 /* MobileCoreServices.framework */ = {isa = PBXFileReference; lastKnownFileType = wrapper.framework; name = MobileCoreServices.framework; path = System/Library/Frameworks/MobileCoreServices.framework; sourceTree = SDKROOT; };
		B065720717D2D66F005CB364 /* Security.framework */ = {isa = PBXFileReference; lastKnownFileType = wrapper.framework; name = Security.framework; path = System/Library/Frameworks/Security.framework; sourceTree = SDKROOT; };
		B065720917D2D674005CB364 /* StoreKit.framework */ = {isa = PBXFileReference; lastKnownFileType = wrapper.framework; name = StoreKit.framework; path = System/Library/Frameworks/StoreKit.framework; sourceTree = SDKROOT; };
		B065720B17D2D679005CB364 /* SystemConfiguration.framework */ = {isa = PBXFileReference; lastKnownFileType = wrapper.framework; name = SystemConfiguration.framework; path = System/Library/Frameworks/SystemConfiguration.framework; sourceTree = SDKROOT; };
		B065721017D3DA8F005CB364 /* LLSelectDoctorViewController.h */ = {isa = PBXFileReference; fileEncoding = 4; lastKnownFileType = sourcecode.c.h; path = LLSelectDoctorViewController.h; sourceTree = "<group>"; };
		B065721117D3DA8F005CB364 /* LLSelectDoctorViewController.m */ = {isa = PBXFileReference; fileEncoding = 4; lastKnownFileType = sourcecode.c.objc; path = LLSelectDoctorViewController.m; sourceTree = "<group>"; };
		B065721317D3DAA1005CB364 /* LLSelectInsuranceViewController.h */ = {isa = PBXFileReference; fileEncoding = 4; lastKnownFileType = sourcecode.c.h; path = LLSelectInsuranceViewController.h; sourceTree = "<group>"; };
		B065721417D3DAA1005CB364 /* LLSelectInsuranceViewController.m */ = {isa = PBXFileReference; fileEncoding = 4; lastKnownFileType = sourcecode.c.objc; path = LLSelectInsuranceViewController.m; sourceTree = "<group>"; };
		B065721617D3F0D8005CB364 /* Settings.bundle */ = {isa = PBXFileReference; lastKnownFileType = "wrapper.plug-in"; path = Settings.bundle; sourceTree = "<group>"; };
		B065721C17D41285005CB364 /* wellmark_logo.png */ = {isa = PBXFileReference; lastKnownFileType = image.png; path = wellmark_logo.png; sourceTree = "<group>"; };
		B065721D17D41285005CB364 /* wellmark_logo@2x.png */ = {isa = PBXFileReference; lastKnownFileType = image.png; path = "wellmark_logo@2x.png"; sourceTree = "<group>"; };
		B065722017D41757005CB364 /* LLColors.h */ = {isa = PBXFileReference; fileEncoding = 4; lastKnownFileType = sourcecode.c.h; path = LLColors.h; sourceTree = "<group>"; };
		B065722317D4398A005CB364 /* dummy_data.json */ = {isa = PBXFileReference; fileEncoding = 4; lastKnownFileType = text.json; path = dummy_data.json; sourceTree = "<group>"; };
		B0F0E52A17CEEC4C003EF566 /* LLBookUpfrontViewController.h */ = {isa = PBXFileReference; fileEncoding = 4; lastKnownFileType = sourcecode.c.h; path = LLBookUpfrontViewController.h; sourceTree = "<group>"; };
		B0F0E52B17CEEC4C003EF566 /* LLBookUpfrontViewController.m */ = {isa = PBXFileReference; fileEncoding = 4; lastKnownFileType = sourcecode.c.objc; path = LLBookUpfrontViewController.m; sourceTree = "<group>"; };
		B0F0E52D17CEEC6D003EF566 /* LLBookLaterViewController.h */ = {isa = PBXFileReference; fileEncoding = 4; lastKnownFileType = sourcecode.c.h; path = LLBookLaterViewController.h; sourceTree = "<group>"; };
		B0F0E52E17CEEC6D003EF566 /* LLBookLaterViewController.m */ = {isa = PBXFileReference; fileEncoding = 4; lastKnownFileType = sourcecode.c.objc; path = LLBookLaterViewController.m; sourceTree = "<group>"; };
		B0F88C9217CD3BEA005E4B0A /* wellmark.app */ = {isa = PBXFileReference; explicitFileType = wrapper.application; includeInIndex = 0; path = wellmark.app; sourceTree = BUILT_PRODUCTS_DIR; };
		B0F88C9517CD3BEA005E4B0A /* UIKit.framework */ = {isa = PBXFileReference; lastKnownFileType = wrapper.framework; name = UIKit.framework; path = System/Library/Frameworks/UIKit.framework; sourceTree = SDKROOT; };
		B0F88C9717CD3BEA005E4B0A /* Foundation.framework */ = {isa = PBXFileReference; lastKnownFileType = wrapper.framework; name = Foundation.framework; path = System/Library/Frameworks/Foundation.framework; sourceTree = SDKROOT; };
		B0F88C9917CD3BEA005E4B0A /* CoreGraphics.framework */ = {isa = PBXFileReference; lastKnownFileType = wrapper.framework; name = CoreGraphics.framework; path = System/Library/Frameworks/CoreGraphics.framework; sourceTree = SDKROOT; };
		B0F88C9D17CD3BEA005E4B0A /* wellmark-Info.plist */ = {isa = PBXFileReference; lastKnownFileType = text.plist.xml; path = "wellmark-Info.plist"; sourceTree = "<group>"; };
		B0F88C9F17CD3BEA005E4B0A /* en */ = {isa = PBXFileReference; lastKnownFileType = text.plist.strings; name = en; path = en.lproj/InfoPlist.strings; sourceTree = "<group>"; };
		B0F88CA117CD3BEA005E4B0A /* main.m */ = {isa = PBXFileReference; lastKnownFileType = sourcecode.c.objc; path = main.m; sourceTree = "<group>"; };
		B0F88CA317CD3BEA005E4B0A /* wellmark-Prefix.pch */ = {isa = PBXFileReference; lastKnownFileType = sourcecode.c.h; path = "wellmark-Prefix.pch"; sourceTree = "<group>"; };
		B0F88CA417CD3BEA005E4B0A /* LLAppDelegate.h */ = {isa = PBXFileReference; lastKnownFileType = sourcecode.c.h; path = LLAppDelegate.h; sourceTree = "<group>"; };
		B0F88CA517CD3BEA005E4B0A /* LLAppDelegate.m */ = {isa = PBXFileReference; lastKnownFileType = sourcecode.c.objc; path = LLAppDelegate.m; sourceTree = "<group>"; };
		B0F88CA717CD3BEA005E4B0A /* Default.png */ = {isa = PBXFileReference; lastKnownFileType = image.png; path = Default.png; sourceTree = "<group>"; };
		B0F88CA917CD3BEA005E4B0A /* Default@2x.png */ = {isa = PBXFileReference; lastKnownFileType = image.png; path = "Default@2x.png"; sourceTree = "<group>"; };
		B0F88CAB17CD3BEA005E4B0A /* Default-568h@2x.png */ = {isa = PBXFileReference; lastKnownFileType = image.png; path = "Default-568h@2x.png"; sourceTree = "<group>"; };
		B0F88CAE17CD3BEA005E4B0A /* en */ = {isa = PBXFileReference; lastKnownFileType = file.storyboard; name = en; path = en.lproj/MainStoryboard.storyboard; sourceTree = "<group>"; };
		BC25779217DC27980087C6DB /* wellmark_bg.png */ = {isa = PBXFileReference; lastKnownFileType = image.png; path = wellmark_bg.png; sourceTree = "<group>"; };
		BC25779317DC27980087C6DB /* wellmark_bg@2x.png */ = {isa = PBXFileReference; lastKnownFileType = image.png; path = "wellmark_bg@2x.png"; sourceTree = "<group>"; };
		BC66AD1F17DD47D100C5C1EE /* doctors.png */ = {isa = PBXFileReference; lastKnownFileType = image.png; path = doctors.png; sourceTree = "<group>"; };
		BC66AD2117DD480000C5C1EE /* doctor.png */ = {isa = PBXFileReference; lastKnownFileType = image.png; path = doctor.png; sourceTree = "<group>"; };
		BC66AD2317DD60DA00C5C1EE /* LLDeductableInfoViewController.h */ = {isa = PBXFileReference; fileEncoding = 4; lastKnownFileType = sourcecode.c.h; path = LLDeductableInfoViewController.h; sourceTree = "<group>"; };
		BC66AD2417DD60DA00C5C1EE /* LLDeductableInfoViewController.m */ = {isa = PBXFileReference; fileEncoding = 4; lastKnownFileType = sourcecode.c.objc; path = LLDeductableInfoViewController.m; sourceTree = "<group>"; };
		BC66AD2617DD6F8F00C5C1EE /* settings.png */ = {isa = PBXFileReference; lastKnownFileType = image.png; path = settings.png; sourceTree = "<group>"; };
		BC66AD2717DD6F8F00C5C1EE /* settings@2x.png */ = {isa = PBXFileReference; lastKnownFileType = image.png; path = "settings@2x.png"; sourceTree = "<group>"; };
		BC7A565D17DF9C4900863499 /* LLSettingsViewController.h */ = {isa = PBXFileReference; fileEncoding = 4; lastKnownFileType = sourcecode.c.h; path = LLSettingsViewController.h; sourceTree = "<group>"; };
		BC7A565E17DF9C4900863499 /* LLSettingsViewController.m */ = {isa = PBXFileReference; fileEncoding = 4; lastKnownFileType = sourcecode.c.objc; path = LLSettingsViewController.m; sourceTree = "<group>"; };
/* End PBXFileReference section */

/* Begin PBXFrameworksBuildPhase section */
		B0F88C8F17CD3BEA005E4B0A /* Frameworks */ = {
			isa = PBXFrameworksBuildPhase;
			buildActionMask = 2147483647;
			files = (
				B065720C17D2D679005CB364 /* SystemConfiguration.framework in Frameworks */,
				B065720A17D2D674005CB364 /* StoreKit.framework in Frameworks */,
				B065720817D2D66F005CB364 /* Security.framework in Frameworks */,
				B06571F917D1817F005CB364 /* QuartzCore.framework in Frameworks */,
				B065720617D2D664005CB364 /* MobileCoreServices.framework in Frameworks */,
				B065720417D2D65E005CB364 /* libz.1.2.5.dylib in Frameworks */,
				B02F182F17CDAA4A007EA8A7 /* CoreLocation.framework in Frameworks */,
				B0F88C9A17CD3BEA005E4B0A /* CoreGraphics.framework in Frameworks */,
				B065720217D2D649005CB364 /* CFNetwork.framework in Frameworks */,
				B065720017D2D644005CB364 /* AudioToolbox.framework in Frameworks */,
				B02F17BE17CD8094007EA8A7 /* MessageUI.framework in Frameworks */,
				B0F88C9617CD3BEA005E4B0A /* UIKit.framework in Frameworks */,
				B0F88C9817CD3BEA005E4B0A /* Foundation.framework in Frameworks */,
				B06571FE17D2D616005CB364 /* Parse.framework in Frameworks */,
			);
			runOnlyForDeploymentPostprocessing = 0;
		};
/* End PBXFrameworksBuildPhase section */

/* Begin PBXGroup section */
		B02F17C217CD9A79007EA8A7 /* MBRequest */ = {
			isa = PBXGroup;
			children = (
				B02F17C317CD9A79007EA8A7 /* Classes */,
				B02F180717CD9A79007EA8A7 /* LICENSE */,
				B02F180817CD9A79007EA8A7 /* README.md */,
			);
			path = MBRequest;
			sourceTree = "<group>";
		};
		B02F17C317CD9A79007EA8A7 /* Classes */ = {
			isa = PBXGroup;
			children = (
				B02F17C417CD9A79007EA8A7 /* MBBaseRequest.h */,
				B02F17C517CD9A79007EA8A7 /* MBBaseRequest.m */,
				B02F17C617CD9A79007EA8A7 /* MBBaseRequestSubclass.h */,
				B02F17C717CD9A79007EA8A7 /* MBHTTPConnectionOperation.h */,
				B02F17C817CD9A79007EA8A7 /* MBHTTPConnectionOperation.m */,
				B02F17C917CD9A79007EA8A7 /* MBHTTPRequest.h */,
				B02F17CA17CD9A79007EA8A7 /* MBHTTPRequest.m */,
				B02F17CB17CD9A79007EA8A7 /* MBImageRequest.h */,
				B02F17CC17CD9A79007EA8A7 /* MBImageRequest.m */,
				B02F17CD17CD9A79007EA8A7 /* MBJSONRequest.h */,
				B02F17CE17CD9A79007EA8A7 /* MBJSONRequest.m */,
				B02F17CF17CD9A79007EA8A7 /* MBMultipartFormData.h */,
				B02F17D017CD9A79007EA8A7 /* MBMultipartFormData.m */,
				B02F17D117CD9A79007EA8A7 /* MBNetworkActivityIndicatorManager.h */,
				B02F17D217CD9A79007EA8A7 /* MBNetworkActivityIndicatorManager.m */,
				B02F17D317CD9A79007EA8A7 /* MBRequest.h */,
				B02F17D417CD9A79007EA8A7 /* MBRequestError.h */,
				B02F17D517CD9A79007EA8A7 /* MBRequestError.m */,
				B02F17D617CD9A79007EA8A7 /* MBRequestLocalization.h */,
				B02F17D717CD9A79007EA8A7 /* MBRequestLog.h */,
				B02F17D817CD9A79007EA8A7 /* MBURLConnectionOperation.h */,
				B02F17D917CD9A79007EA8A7 /* MBURLConnectionOperation.m */,
				B02F17DA17CD9A79007EA8A7 /* MBURLConnectionOperationSubclass.h */,
				B02F17DB17CD9A79007EA8A7 /* MBXMLRequest.h */,
				B02F17DC17CD9A79007EA8A7 /* MBXMLRequest.m */,
				B02F17DD17CD9A79007EA8A7 /* NSDictionary+MBRequest.h */,
				B02F17DE17CD9A79007EA8A7 /* NSDictionary+MBRequest.m */,
				B02F17DF17CD9A79007EA8A7 /* NSString+MBRequest.h */,
				B02F17E017CD9A79007EA8A7 /* NSString+MBRequest.m */,
				B02F17E117CD9A79007EA8A7 /* NSURL+MBRequest.h */,
				B02F17E217CD9A79007EA8A7 /* NSURL+MBRequest.m */,
			);
			path = Classes;
			sourceTree = "<group>";
		};
		B0F88C8917CD3BEA005E4B0A = {
			isa = PBXGroup;
			children = (
				B0F88C9B17CD3BEA005E4B0A /* wellmark */,
				B0F88C9417CD3BEA005E4B0A /* Frameworks */,
				B0F88C9317CD3BEA005E4B0A /* Products */,
				B02F17C217CD9A79007EA8A7 /* MBRequest */,
			);
			sourceTree = "<group>";
		};
		B0F88C9317CD3BEA005E4B0A /* Products */ = {
			isa = PBXGroup;
			children = (
				B0F88C9217CD3BEA005E4B0A /* wellmark.app */,
			);
			name = Products;
			sourceTree = "<group>";
		};
		B0F88C9417CD3BEA005E4B0A /* Frameworks */ = {
			isa = PBXGroup;
			children = (
				B065720B17D2D679005CB364 /* SystemConfiguration.framework */,
				B065720917D2D674005CB364 /* StoreKit.framework */,
				B065720717D2D66F005CB364 /* Security.framework */,
				B065720517D2D664005CB364 /* MobileCoreServices.framework */,
				B065720317D2D65E005CB364 /* libz.1.2.5.dylib */,
				B065720117D2D649005CB364 /* CFNetwork.framework */,
				B06571FF17D2D644005CB364 /* AudioToolbox.framework */,
				B06571F817D1817F005CB364 /* QuartzCore.framework */,
				B06571FD17D2D616005CB364 /* Parse.framework */,
				B02F182E17CDAA4A007EA8A7 /* CoreLocation.framework */,
				B02F17BD17CD8094007EA8A7 /* MessageUI.framework */,
				B0F88C9517CD3BEA005E4B0A /* UIKit.framework */,
				B0F88C9717CD3BEA005E4B0A /* Foundation.framework */,
				B0F88C9917CD3BEA005E4B0A /* CoreGraphics.framework */,
			);
			name = Frameworks;
			sourceTree = "<group>";
		};
		B0F88C9B17CD3BEA005E4B0A /* wellmark */ = {
			isa = PBXGroup;
			children = (
				B02ABE4E17D66646005A5F5C /* LLViewController.h */,
				B02ABE4F17D66646005A5F5C /* LLViewController.m */,
				B06571FA17D18AD5005CB364 /* LLTreatmentManager.h */,
				B06571FB17D18AD5005CB364 /* LLTreatmentManager.m */,
				B0F88CA417CD3BEA005E4B0A /* LLAppDelegate.h */,
				B0F88CA517CD3BEA005E4B0A /* LLAppDelegate.m */,
				B065721017D3DA8F005CB364 /* LLSelectDoctorViewController.h */,
				B065721117D3DA8F005CB364 /* LLSelectDoctorViewController.m */,
				B065721317D3DAA1005CB364 /* LLSelectInsuranceViewController.h */,
				B065721417D3DAA1005CB364 /* LLSelectInsuranceViewController.m */,
				B02F17A517CD6B5C007EA8A7 /* LLDoctorViewController.h */,
				B02F17A617CD6B5C007EA8A7 /* LLDoctorViewController.m */,
				BC7A565D17DF9C4900863499 /* LLSettingsViewController.h */,
				BC7A565E17DF9C4900863499 /* LLSettingsViewController.m */,
				B02F17A817CD6CE7007EA8A7 /* LLTreatmentViewController.h */,
				B02F17A917CD6CE7007EA8A7 /* LLTreatmentViewController.m */,
				BC66AD2317DD60DA00C5C1EE /* LLDeductableInfoViewController.h */,
				BC66AD2417DD60DA00C5C1EE /* LLDeductableInfoViewController.m */,
				B02F17B117CD7607007EA8A7 /* LLLocationView.h */,
				B02F17B217CD7607007EA8A7 /* LLLocationView.m */,
				B02F17AE17CD757C007EA8A7 /* LLLocationsViewController.h */,
				B02F17AF17CD757C007EA8A7 /* LLLocationsViewController.m */,
				B02F17B417CD7BC6007EA8A7 /* LLSchedulingViewController.h */,
				B02F17B517CD7BC6007EA8A7 /* LLSchedulingViewController.m */,
				B02F17BF17CD90E5007EA8A7 /* LLBookingViewController.h */,
				B02F17C017CD90E5007EA8A7 /* LLBookingViewController.m */,
				B0F0E52A17CEEC4C003EF566 /* LLBookUpfrontViewController.h */,
				B0F0E52B17CEEC4C003EF566 /* LLBookUpfrontViewController.m */,
				B0F0E52D17CEEC6D003EF566 /* LLBookLaterViewController.h */,
				B0F0E52E17CEEC6D003EF566 /* LLBookLaterViewController.m */,
				B0F88CAD17CD3BEA005E4B0A /* MainStoryboard.storyboard */,
				B02F17B717CD7CD4007EA8A7 /* LLConfirmViewController.h */,
				B02F17B817CD7CD5007EA8A7 /* LLConfirmViewController.m */,
				B02F17BA17CD7CDC007EA8A7 /* LLConfirmedViewController.h */,
				B02F17BB17CD7CDC007EA8A7 /* LLConfirmedViewController.m */,
				B065722017D41757005CB364 /* LLColors.h */,
				B0F88C9C17CD3BEA005E4B0A /* Supporting Files */,
			);
			path = wellmark;
			sourceTree = "<group>";
		};
		B0F88C9C17CD3BEA005E4B0A /* Supporting Files */ = {
			isa = PBXGroup;
			children = (
				64EFFF42181187CE0012DE00 /* DetailViewController.h */,
				64EFFF43181187CE0012DE00 /* DetailViewController.m */,
				64EFFF40181184C30012DE00 /* what.png */,
				64EFFF361811802D0012DE00 /* Andrew.png */,
				64EFFF371811802D0012DE00 /* Jordan.png */,
				64EFFF381811802D0012DE00 /* matt.png */,
				64EFFF391811802D0012DE00 /* Sameer.png */,
				64EFFF3A1811802D0012DE00 /* Tim.png */,
				BC66AD2617DD6F8F00C5C1EE /* settings.png */,
				BC66AD2717DD6F8F00C5C1EE /* settings@2x.png */,
				BC25779217DC27980087C6DB /* wellmark_bg.png */,
				BC25779317DC27980087C6DB /* wellmark_bg@2x.png */,
				B02ABE4C17D65F21005A5F5C /* dummyUserInfo.plist */,
				B02ABE4A17D6586C005A5F5C /* wellmark_hq_data.json */,
				B065722317D4398A005CB364 /* dummy_data.json */,
				BC66AD2117DD480000C5C1EE /* doctor.png */,
				BC66AD1F17DD47D100C5C1EE /* doctors.png */,
				B065721C17D41285005CB364 /* wellmark_logo.png */,
				B065721D17D41285005CB364 /* wellmark_logo@2x.png */,
				B06571F617D17FAD005CB364 /* background.png */,
				B065721617D3F0D8005CB364 /* Settings.bundle */,
				B0F88C9D17CD3BEA005E4B0A /* wellmark-Info.plist */,
				B0F88C9E17CD3BEA005E4B0A /* InfoPlist.strings */,
				B0F88CA117CD3BEA005E4B0A /* main.m */,
				B0F88CA317CD3BEA005E4B0A /* wellmark-Prefix.pch */,
				B0F88CA717CD3BEA005E4B0A /* Default.png */,
				B0F88CA917CD3BEA005E4B0A /* Default@2x.png */,
				B0F88CAB17CD3BEA005E4B0A /* Default-568h@2x.png */,
			);
			name = "Supporting Files";
			sourceTree = "<group>";
		};
/* End PBXGroup section */

/* Begin PBXNativeTarget section */
		B0F88C9117CD3BEA005E4B0A /* wellmark */ = {
			isa = PBXNativeTarget;
			buildConfigurationList = B0F88CB517CD3BEA005E4B0A /* Build configuration list for PBXNativeTarget "wellmark" */;
			buildPhases = (
				B0F88C8E17CD3BEA005E4B0A /* Sources */,
				B0F88C8F17CD3BEA005E4B0A /* Frameworks */,
				B0F88C9017CD3BEA005E4B0A /* Resources */,
			);
			buildRules = (
			);
			dependencies = (
			);
			name = wellmark;
			productName = wellmark;
			productReference = B0F88C9217CD3BEA005E4B0A /* wellmark.app */;
			productType = "com.apple.product-type.application";
		};
/* End PBXNativeTarget section */

/* Begin PBXProject section */
		B0F88C8A17CD3BEA005E4B0A /* Project object */ = {
			isa = PBXProject;
			attributes = {
				CLASSPREFIX = LL;
				LastUpgradeCheck = 0460;
				ORGANIZATIONNAME = Stroll;
				TargetAttributes = {
					B0F88C9117CD3BEA005E4B0A = {
						DevelopmentTeam = 7J555P3K78;
					};
				};
			};
			buildConfigurationList = B0F88C8D17CD3BEA005E4B0A /* Build configuration list for PBXProject "wellmark" */;
			compatibilityVersion = "Xcode 3.2";
			developmentRegion = English;
			hasScannedForEncodings = 0;
			knownRegions = (
				en,
			);
			mainGroup = B0F88C8917CD3BEA005E4B0A;
			productRefGroup = B0F88C9317CD3BEA005E4B0A /* Products */;
			projectDirPath = "";
			projectRoot = "";
			targets = (
				B0F88C9117CD3BEA005E4B0A /* wellmark */,
			);
		};
/* End PBXProject section */

/* Begin PBXResourcesBuildPhase section */
		B0F88C9017CD3BEA005E4B0A /* Resources */ = {
			isa = PBXResourcesBuildPhase;
			buildActionMask = 2147483647;
			files = (
				BC66AD2017DD47D100C5C1EE /* doctors.png in Resources */,
				B0F88CA017CD3BEA005E4B0A /* InfoPlist.strings in Resources */,
				B0F88CA817CD3BEA005E4B0A /* Default.png in Resources */,
				B0F88CAA17CD3BEA005E4B0A /* Default@2x.png in Resources */,
				B0F88CAC17CD3BEA005E4B0A /* Default-568h@2x.png in Resources */,
				64EFFF41181184C30012DE00 /* what.png in Resources */,
				BC66AD2917DD6F8F00C5C1EE /* settings@2x.png in Resources */,
				64EFFF3D1811802D0012DE00 /* matt.png in Resources */,
				BC25779517DC27980087C6DB /* wellmark_bg@2x.png in Resources */,
				BC66AD2817DD6F8F00C5C1EE /* settings.png in Resources */,
				B0F88CAF17CD3BEA005E4B0A /* MainStoryboard.storyboard in Resources */,
				64EFFF3E1811802D0012DE00 /* Sameer.png in Resources */,
				B02F182617CD9A79007EA8A7 /* LICENSE in Resources */,
				64EFFF3B1811802D0012DE00 /* Andrew.png in Resources */,
				B02F182717CD9A79007EA8A7 /* README.md in Resources */,
				B06571F717D17FAD005CB364 /* background.png in Resources */,
				B065721717D3F0D8005CB364 /* Settings.bundle in Resources */,
				64EFFF3F1811802D0012DE00 /* Tim.png in Resources */,
				BC25779417DC27980087C6DB /* wellmark_bg.png in Resources */,
				64EFFF3C1811802D0012DE00 /* Jordan.png in Resources */,
				B065721E17D41285005CB364 /* wellmark_logo.png in Resources */,
				BC66AD2217DD480000C5C1EE /* doctor.png in Resources */,
				B065721F17D41285005CB364 /* wellmark_logo@2x.png in Resources */,
				B065722417D4398A005CB364 /* dummy_data.json in Resources */,
				B02ABE4B17D6586C005A5F5C /* wellmark_hq_data.json in Resources */,
				B02ABE4D17D65F22005A5F5C /* dummyUserInfo.plist in Resources */,
			);
			runOnlyForDeploymentPostprocessing = 0;
		};
/* End PBXResourcesBuildPhase section */

/* Begin PBXSourcesBuildPhase section */
		B0F88C8E17CD3BEA005E4B0A /* Sources */ = {
			isa = PBXSourcesBuildPhase;
			buildActionMask = 2147483647;
			files = (
				BC66AD2517DD60DA00C5C1EE /* LLDeductableInfoViewController.m in Sources */,
				B0F88CA217CD3BEA005E4B0A /* main.m in Sources */,
				B0F88CA617CD3BEA005E4B0A /* LLAppDelegate.m in Sources */,
				B02F17A717CD6B5C007EA8A7 /* LLDoctorViewController.m in Sources */,
				B02F17AA17CD6CE7007EA8A7 /* LLTreatmentViewController.m in Sources */,
				B02F17B017CD757C007EA8A7 /* LLLocationsViewController.m in Sources */,
				B02F17B317CD7607007EA8A7 /* LLLocationView.m in Sources */,
				B02F17B617CD7BC6007EA8A7 /* LLSchedulingViewController.m in Sources */,
				B02F17B917CD7CD5007EA8A7 /* LLConfirmViewController.m in Sources */,
				B02F17BC17CD7CDC007EA8A7 /* LLConfirmedViewController.m in Sources */,
				BC7A565F17DF9C4900863499 /* LLSettingsViewController.m in Sources */,
				B02F17C117CD90E5007EA8A7 /* LLBookingViewController.m in Sources */,
				B02F180917CD9A79007EA8A7 /* MBBaseRequest.m in Sources */,
				B02F180A17CD9A79007EA8A7 /* MBHTTPConnectionOperation.m in Sources */,
				B02F180B17CD9A79007EA8A7 /* MBHTTPRequest.m in Sources */,
				B02F180C17CD9A79007EA8A7 /* MBImageRequest.m in Sources */,
				B02F180D17CD9A79007EA8A7 /* MBJSONRequest.m in Sources */,
				B02F180E17CD9A79007EA8A7 /* MBMultipartFormData.m in Sources */,
				B02F180F17CD9A79007EA8A7 /* MBNetworkActivityIndicatorManager.m in Sources */,
				B02F181017CD9A79007EA8A7 /* MBRequestError.m in Sources */,
				B02F181117CD9A79007EA8A7 /* MBURLConnectionOperation.m in Sources */,
				B02F181217CD9A79007EA8A7 /* MBXMLRequest.m in Sources */,
				B02F181317CD9A79007EA8A7 /* NSDictionary+MBRequest.m in Sources */,
				B02F181417CD9A79007EA8A7 /* NSString+MBRequest.m in Sources */,
				B02F181517CD9A79007EA8A7 /* NSURL+MBRequest.m in Sources */,
				B0F0E52C17CEEC4C003EF566 /* LLBookUpfrontViewController.m in Sources */,
				B0F0E52F17CEEC6D003EF566 /* LLBookLaterViewController.m in Sources */,
				B06571FC17D18AD5005CB364 /* LLTreatmentManager.m in Sources */,
				B065721217D3DA90005CB364 /* LLSelectDoctorViewController.m in Sources */,
				64EFFF44181187CE0012DE00 /* DetailViewController.m in Sources */,
				B065721517D3DAA1005CB364 /* LLSelectInsuranceViewController.m in Sources */,
				B02ABE5017D66647005A5F5C /* LLViewController.m in Sources */,
			);
			runOnlyForDeploymentPostprocessing = 0;
		};
/* End PBXSourcesBuildPhase section */

/* Begin PBXVariantGroup section */
		B0F88C9E17CD3BEA005E4B0A /* InfoPlist.strings */ = {
			isa = PBXVariantGroup;
			children = (
				B0F88C9F17CD3BEA005E4B0A /* en */,
			);
			name = InfoPlist.strings;
			sourceTree = "<group>";
		};
		B0F88CAD17CD3BEA005E4B0A /* MainStoryboard.storyboard */ = {
			isa = PBXVariantGroup;
			children = (
				B0F88CAE17CD3BEA005E4B0A /* en */,
			);
			name = MainStoryboard.storyboard;
			sourceTree = "<group>";
		};
/* End PBXVariantGroup section */

/* Begin XCBuildConfiguration section */
		B0F88CB317CD3BEA005E4B0A /* Debug */ = {
			isa = XCBuildConfiguration;
			buildSettings = {
				ALWAYS_SEARCH_USER_PATHS = NO;
				CLANG_CXX_LANGUAGE_STANDARD = "gnu++0x";
				CLANG_CXX_LIBRARY = "libc++";
				CLANG_ENABLE_OBJC_ARC = YES;
				CLANG_WARN_CONSTANT_CONVERSION = YES;
				CLANG_WARN_EMPTY_BODY = YES;
				CLANG_WARN_ENUM_CONVERSION = YES;
				CLANG_WARN_INT_CONVERSION = YES;
				CLANG_WARN__DUPLICATE_METHOD_MATCH = YES;
				"CODE_SIGN_IDENTITY[sdk=iphoneos*]" = "iPhone Developer";
				COPY_PHASE_STRIP = NO;
				GCC_C_LANGUAGE_STANDARD = gnu99;
				GCC_DYNAMIC_NO_PIC = NO;
				GCC_OPTIMIZATION_LEVEL = 0;
				GCC_PREPROCESSOR_DEFINITIONS = (
					"DEBUG=1",
					"$(inherited)",
				);
				GCC_SYMBOLS_PRIVATE_EXTERN = NO;
				GCC_WARN_ABOUT_RETURN_TYPE = YES;
				GCC_WARN_UNINITIALIZED_AUTOS = YES;
				GCC_WARN_UNUSED_VARIABLE = YES;
				IPHONEOS_DEPLOYMENT_TARGET = 6.1;
				ONLY_ACTIVE_ARCH = YES;
				SDKROOT = iphoneos;
				TARGETED_DEVICE_FAMILY = 2;
			};
			name = Debug;
		};
		B0F88CB417CD3BEA005E4B0A /* Release */ = {
			isa = XCBuildConfiguration;
			buildSettings = {
				ALWAYS_SEARCH_USER_PATHS = NO;
				CLANG_CXX_LANGUAGE_STANDARD = "gnu++0x";
				CLANG_CXX_LIBRARY = "libc++";
				CLANG_ENABLE_OBJC_ARC = YES;
				CLANG_WARN_CONSTANT_CONVERSION = YES;
				CLANG_WARN_EMPTY_BODY = YES;
				CLANG_WARN_ENUM_CONVERSION = YES;
				CLANG_WARN_INT_CONVERSION = YES;
				CLANG_WARN__DUPLICATE_METHOD_MATCH = YES;
				"CODE_SIGN_IDENTITY[sdk=iphoneos*]" = "iPhone Developer";
				COPY_PHASE_STRIP = YES;
				GCC_C_LANGUAGE_STANDARD = gnu99;
				GCC_WARN_ABOUT_RETURN_TYPE = YES;
				GCC_WARN_UNINITIALIZED_AUTOS = YES;
				GCC_WARN_UNUSED_VARIABLE = YES;
				IPHONEOS_DEPLOYMENT_TARGET = 6.1;
				OTHER_CFLAGS = "-DNS_BLOCK_ASSERTIONS=1";
				SDKROOT = iphoneos;
				TARGETED_DEVICE_FAMILY = 2;
				VALIDATE_PRODUCT = YES;
			};
			name = Release;
		};
		B0F88CB617CD3BEA005E4B0A /* Debug */ = {
			isa = XCBuildConfiguration;
			buildSettings = {
				CODE_SIGN_IDENTITY = "iPhone Developer";
				FRAMEWORK_SEARCH_PATHS = (
					"$(inherited)",
					"\"$(SRCROOT)\"",
				);
				GCC_PRECOMPILE_PREFIX_HEADER = YES;
				GCC_PREFIX_HEADER = "wellmark/wellmark-Prefix.pch";
				INFOPLIST_FILE = "wellmark/wellmark-Info.plist";
				IPHONEOS_DEPLOYMENT_TARGET = 6.1;
				PRODUCT_NAME = "$(TARGET_NAME)";
				WRAPPER_EXTENSION = app;
			};
			name = Debug;
		};
		B0F88CB717CD3BEA005E4B0A /* Release */ = {
			isa = XCBuildConfiguration;
			buildSettings = {
				CODE_SIGN_IDENTITY = "iPhone Developer";
				FRAMEWORK_SEARCH_PATHS = (
					"$(inherited)",
					"\"$(SRCROOT)\"",
				);
				GCC_PRECOMPILE_PREFIX_HEADER = YES;
				GCC_PREFIX_HEADER = "wellmark/wellmark-Prefix.pch";
				INFOPLIST_FILE = "wellmark/wellmark-Info.plist";
				IPHONEOS_DEPLOYMENT_TARGET = 6.1;
				PRODUCT_NAME = "$(TARGET_NAME)";
				WRAPPER_EXTENSION = app;
			};
			name = Release;
		};
/* End XCBuildConfiguration section */

/* Begin XCConfigurationList section */
		B0F88C8D17CD3BEA005E4B0A /* Build configuration list for PBXProject "wellmark" */ = {
			isa = XCConfigurationList;
			buildConfigurations = (
				B0F88CB317CD3BEA005E4B0A /* Debug */,
				B0F88CB417CD3BEA005E4B0A /* Release */,
			);
			defaultConfigurationIsVisible = 0;
			defaultConfigurationName = Release;
		};
		B0F88CB517CD3BEA005E4B0A /* Build configuration list for PBXNativeTarget "wellmark" */ = {
			isa = XCConfigurationList;
			buildConfigurations = (
				B0F88CB617CD3BEA005E4B0A /* Debug */,
				B0F88CB717CD3BEA005E4B0A /* Release */,
			);
			defaultConfigurationIsVisible = 0;
			defaultConfigurationName = Release;
		};
/* End XCConfigurationList section */
	};
	rootObject = B0F88C8A17CD3BEA005E4B0A /* Project object */;
}
